
Microsoft Visual Studio Solution File, Format Version 12.00
# Visual Studio Version 17
VisualStudioVersion = 17.5.33414.496
MinimumVisualStudioVersion = 10.0.40219.1
Project("{FAE04EC0-301F-11D3-BF4B-00C04F79EFBC}") = "HW2", "HW2\HW2.csproj", "{5D470A54-5162-4396-86E0-88103DA2289D}"
EndProject
Global
	GlobalSection(SolutionConfigurationPlatforms) = preSolution
		Debug|Any CPU = Debug|Any CPU
		Release|Any CPU = Release|Any CPU
	EndGlobalSection
	GlobalSection(ProjectConfigurationPlatforms) = postSolution
		{5D470A54-5162-4396-86E0-88103DA2289D}.Debug|Any CPU.ActiveCfg = Debug|Any CPU
		{5D470A54-5162-4396-86E0-88103DA2289D}.Debug|Any CPU.Build.0 = Debug|Any CPU
		{5D470A54-5162-4396-86E0-88103DA2289D}.Release|Any CPU.ActiveCfg = Release|Any CPU
		{5D470A54-5162-4396-86E0-88103DA2289D}.Release|Any CPU.Build.0 = Release|Any CPU
	EndGlobalSection
	GlobalSection(SolutionProperties) = preSolution
		HideSolutionNode = FALSE
	EndGlobalSection
	GlobalSection(ExtensibilityGlobals) = postSolution
		SolutionGuid = {F181E3DD-1360-487D-884D-5F96C3B06F50}
	EndGlobalSection
EndGlobal
